// !$*UTF8*$!
{
	archiveVersion = 1;
	classes = {
	};
	objectVersion = 46;
	objects = {

/* Begin PBXBuildFile section */
		9EFF63F2B481958B5DE88D9E /* Pods_AmberCardKhoroshko.framework in Frameworks */ = {isa = PBXBuildFile; fileRef = F83E2500AFA626EB0B4FD289 /* Pods_AmberCardKhoroshko.framework */; };
		B507D5A81F96164100FD64C4 /* UIFont+ACAdditions.swift in Sources */ = {isa = PBXBuildFile; fileRef = B507D5A71F96164100FD64C4 /* UIFont+ACAdditions.swift */; };
		B507D5AB1F96168E00FD64C4 /* UIColor+ACAdditions.swift in Sources */ = {isa = PBXBuildFile; fileRef = B507D5AA1F96168E00FD64C4 /* UIColor+ACAdditions.swift */; };
		B507D5AD1F96424C00FD64C4 /* PlacePhotos.swift in Sources */ = {isa = PBXBuildFile; fileRef = B507D5AC1F96424C00FD64C4 /* PlacePhotos.swift */; };
		B531EAFC1F8FD92800B94F42 /* AppDelegate.swift in Sources */ = {isa = PBXBuildFile; fileRef = B531EAFB1F8FD92800B94F42 /* AppDelegate.swift */; };
		B531EB011F8FD92800B94F42 /* Main.storyboard in Resources */ = {isa = PBXBuildFile; fileRef = B531EAFF1F8FD92800B94F42 /* Main.storyboard */; };
		B531EB041F8FD92800B94F42 /* AmberCardKhoroshko.xcdatamodeld in Sources */ = {isa = PBXBuildFile; fileRef = B531EB021F8FD92800B94F42 /* AmberCardKhoroshko.xcdatamodeld */; };
		B531EB061F8FD92800B94F42 /* Assets.xcassets in Resources */ = {isa = PBXBuildFile; fileRef = B531EB051F8FD92800B94F42 /* Assets.xcassets */; };
		B531EB091F8FD92800B94F42 /* LaunchScreen.storyboard in Resources */ = {isa = PBXBuildFile; fileRef = B531EB071F8FD92800B94F42 /* LaunchScreen.storyboard */; };
		B531EB141F8FD92800B94F42 /* AmberCardKhoroshkoTests.swift in Sources */ = {isa = PBXBuildFile; fileRef = B531EB131F8FD92800B94F42 /* AmberCardKhoroshkoTests.swift */; };
		B531EB1F1F8FD92800B94F42 /* AmberCardKhoroshkoUITests.swift in Sources */ = {isa = PBXBuildFile; fileRef = B531EB1E1F8FD92800B94F42 /* AmberCardKhoroshkoUITests.swift */; };
		B531EB2E1F8FDA0800B94F42 /* BasicImgLblTVCell.swift in Sources */ = {isa = PBXBuildFile; fileRef = B531EB2C1F8FDA0800B94F42 /* BasicImgLblTVCell.swift */; };
		B531EB2F1F8FDA0800B94F42 /* BasicImgLblTVCell.xib in Resources */ = {isa = PBXBuildFile; fileRef = B531EB2D1F8FDA0800B94F42 /* BasicImgLblTVCell.xib */; };
		B531EB311F8FDB3700B94F42 /* PlaceViewController.swift in Sources */ = {isa = PBXBuildFile; fileRef = B531EB301F8FDB3700B94F42 /* PlaceViewController.swift */; };
		B531EB341F8FE37B00B94F42 /* CustomDescriptionPlaceCell.swift in Sources */ = {isa = PBXBuildFile; fileRef = B531EB321F8FE37B00B94F42 /* CustomDescriptionPlaceCell.swift */; };
		B531EB351F8FE37B00B94F42 /* CustomDescriptionPlaceCell.xib in Resources */ = {isa = PBXBuildFile; fileRef = B531EB331F8FE37B00B94F42 /* CustomDescriptionPlaceCell.xib */; };
		B537B1C51F95F1CB00F5F5F9 /* NetworkingService.swift in Sources */ = {isa = PBXBuildFile; fileRef = B537B1C41F95F1CB00F5F5F9 /* NetworkingService.swift */; };
		B537B1C81F96127800F5F5F9 /* Fonts.swift in Sources */ = {isa = PBXBuildFile; fileRef = B537B1C71F96127800F5F5F9 /* Fonts.swift */; };
		B5DBD1F21F94B89B00A02253 /* TransparentCell.swift in Sources */ = {isa = PBXBuildFile; fileRef = B5DBD1F01F94B89B00A02253 /* TransparentCell.swift */; };
		B5DBD1F31F94B89B00A02253 /* TransparentCell.xib in Resources */ = {isa = PBXBuildFile; fileRef = B5DBD1F11F94B89B00A02253 /* TransparentCell.xib */; };
		B5DBD1FF1F94FBD400A02253 /* Realm.framework in Frameworks */ = {isa = PBXBuildFile; fileRef = B5DBD1FD1F94FBD400A02253 /* Realm.framework */; };
		B5DBD2001F94FBD400A02253 /* Realm.framework in Embed Frameworks */ = {isa = PBXBuildFile; fileRef = B5DBD1FD1F94FBD400A02253 /* Realm.framework */; settings = {ATTRIBUTES = (CodeSignOnCopy, RemoveHeadersOnCopy, ); }; };
		B5DBD2011F94FBD400A02253 /* RealmSwift.framework in Frameworks */ = {isa = PBXBuildFile; fileRef = B5DBD1FE1F94FBD400A02253 /* RealmSwift.framework */; };
		B5DBD2021F94FBD400A02253 /* RealmSwift.framework in Embed Frameworks */ = {isa = PBXBuildFile; fileRef = B5DBD1FE1F94FBD400A02253 /* RealmSwift.framework */; settings = {ATTRIBUTES = (CodeSignOnCopy, RemoveHeadersOnCopy, ); }; };
		B5DBD2051F94FF8200A02253 /* PlaceModelDB.swift in Sources */ = {isa = PBXBuildFile; fileRef = B5DBD2041F94FF8200A02253 /* PlaceModelDB.swift */; };
		B5DBD20B1F950B2B00A02253 /* PlacesCaregories.swift in Sources */ = {isa = PBXBuildFile; fileRef = B5DBD20A1F950B2B00A02253 /* PlacesCaregories.swift */; };
		B5DBD20D1F9527C100A02253 /* AllPlacesListViewController.swift in Sources */ = {isa = PBXBuildFile; fileRef = B5DBD20C1F9527C100A02253 /* AllPlacesListViewController.swift */; };
		B5DBD2101F95280A00A02253 /* AllPlacesScreenCell.swift in Sources */ = {isa = PBXBuildFile; fileRef = B5DBD20E1F95280A00A02253 /* AllPlacesScreenCell.swift */; };
		B5DBD2111F95280A00A02253 /* AllPlacesScreenCell.xib in Resources */ = {isa = PBXBuildFile; fileRef = B5DBD20F1F95280A00A02253 /* AllPlacesScreenCell.xib */; };
		B5E576921F954C220081DFFE /* NetReachabulity.swift in Sources */ = {isa = PBXBuildFile; fileRef = B5E576911F954C220081DFFE /* NetReachabulity.swift */; };
		B5F0B8C41F901CA900C38B78 /* Place.swift in Sources */ = {isa = PBXBuildFile; fileRef = B5F0B8C31F901CA900C38B78 /* Place.swift */; };
/* End PBXBuildFile section */

/* Begin PBXContainerItemProxy section */
		B531EB101F8FD92800B94F42 /* PBXContainerItemProxy */ = {
			isa = PBXContainerItemProxy;
			containerPortal = B531EAF01F8FD92800B94F42 /* Project object */;
			proxyType = 1;
			remoteGlobalIDString = B531EAF71F8FD92800B94F42;
			remoteInfo = AmberCardKhoroshko;
		};
		B531EB1B1F8FD92800B94F42 /* PBXContainerItemProxy */ = {
			isa = PBXContainerItemProxy;
			containerPortal = B531EAF01F8FD92800B94F42 /* Project object */;
			proxyType = 1;
			remoteGlobalIDString = B531EAF71F8FD92800B94F42;
			remoteInfo = AmberCardKhoroshko;
		};
/* End PBXContainerItemProxy section */

/* Begin PBXCopyFilesBuildPhase section */
		B5DBD2031F94FBD400A02253 /* Embed Frameworks */ = {
			isa = PBXCopyFilesBuildPhase;
			buildActionMask = 2147483647;
			dstPath = "";
			dstSubfolderSpec = 10;
			files = (
				B5DBD2021F94FBD400A02253 /* RealmSwift.framework in Embed Frameworks */,
				B5DBD2001F94FBD400A02253 /* Realm.framework in Embed Frameworks */,
			);
			name = "Embed Frameworks";
			runOnlyForDeploymentPostprocessing = 0;
		};
/* End PBXCopyFilesBuildPhase section */

/* Begin PBXFileReference section */
		B11937C76CECD42850E90434 /* Pods-AmberCardKhoroshko.debug.xcconfig */ = {isa = PBXFileReference; includeInIndex = 1; lastKnownFileType = text.xcconfig; name = "Pods-AmberCardKhoroshko.debug.xcconfig"; path = "Pods/Target Support Files/Pods-AmberCardKhoroshko/Pods-AmberCardKhoroshko.debug.xcconfig"; sourceTree = "<group>"; };
		B507D5A71F96164100FD64C4 /* UIFont+ACAdditions.swift */ = {isa = PBXFileReference; fileEncoding = 4; lastKnownFileType = sourcecode.swift; name = "UIFont+ACAdditions.swift"; path = "../UIFont+ACAdditions.swift"; sourceTree = "<group>"; };
		B507D5AA1F96168E00FD64C4 /* UIColor+ACAdditions.swift */ = {isa = PBXFileReference; fileEncoding = 4; lastKnownFileType = sourcecode.swift; path = "UIColor+ACAdditions.swift"; sourceTree = "<group>"; };
		B507D5AC1F96424C00FD64C4 /* PlacePhotos.swift */ = {isa = PBXFileReference; fileEncoding = 4; lastKnownFileType = sourcecode.swift; path = PlacePhotos.swift; sourceTree = "<group>"; };
		B531EAF81F8FD92800B94F42 /* AmberCardKhoroshko.app */ = {isa = PBXFileReference; explicitFileType = wrapper.application; includeInIndex = 0; path = AmberCardKhoroshko.app; sourceTree = BUILT_PRODUCTS_DIR; };
		B531EAFB1F8FD92800B94F42 /* AppDelegate.swift */ = {isa = PBXFileReference; lastKnownFileType = sourcecode.swift; path = AppDelegate.swift; sourceTree = "<group>"; };
		B531EB001F8FD92800B94F42 /* Base */ = {isa = PBXFileReference; lastKnownFileType = file.storyboard; name = Base; path = Base.lproj/Main.storyboard; sourceTree = "<group>"; };
		B531EB031F8FD92800B94F42 /* AmberCardKhoroshko.xcdatamodel */ = {isa = PBXFileReference; lastKnownFileType = wrapper.xcdatamodel; path = AmberCardKhoroshko.xcdatamodel; sourceTree = "<group>"; };
		B531EB051F8FD92800B94F42 /* Assets.xcassets */ = {isa = PBXFileReference; lastKnownFileType = folder.assetcatalog; path = Assets.xcassets; sourceTree = "<group>"; };
		B531EB081F8FD92800B94F42 /* Base */ = {isa = PBXFileReference; lastKnownFileType = file.storyboard; name = Base; path = Base.lproj/LaunchScreen.storyboard; sourceTree = "<group>"; };
		B531EB0A1F8FD92800B94F42 /* Info.plist */ = {isa = PBXFileReference; lastKnownFileType = text.plist.xml; path = Info.plist; sourceTree = "<group>"; };
		B531EB0F1F8FD92800B94F42 /* AmberCardKhoroshkoTests.xctest */ = {isa = PBXFileReference; explicitFileType = wrapper.cfbundle; includeInIndex = 0; path = AmberCardKhoroshkoTests.xctest; sourceTree = BUILT_PRODUCTS_DIR; };
		B531EB131F8FD92800B94F42 /* AmberCardKhoroshkoTests.swift */ = {isa = PBXFileReference; lastKnownFileType = sourcecode.swift; path = AmberCardKhoroshkoTests.swift; sourceTree = "<group>"; };
		B531EB151F8FD92800B94F42 /* Info.plist */ = {isa = PBXFileReference; lastKnownFileType = text.plist.xml; path = Info.plist; sourceTree = "<group>"; };
		B531EB1A1F8FD92800B94F42 /* AmberCardKhoroshkoUITests.xctest */ = {isa = PBXFileReference; explicitFileType = wrapper.cfbundle; includeInIndex = 0; path = AmberCardKhoroshkoUITests.xctest; sourceTree = BUILT_PRODUCTS_DIR; };
		B531EB1E1F8FD92800B94F42 /* AmberCardKhoroshkoUITests.swift */ = {isa = PBXFileReference; lastKnownFileType = sourcecode.swift; path = AmberCardKhoroshkoUITests.swift; sourceTree = "<group>"; };
		B531EB201F8FD92800B94F42 /* Info.plist */ = {isa = PBXFileReference; lastKnownFileType = text.plist.xml; path = Info.plist; sourceTree = "<group>"; };
		B531EB2C1F8FDA0800B94F42 /* BasicImgLblTVCell.swift */ = {isa = PBXFileReference; fileEncoding = 4; lastKnownFileType = sourcecode.swift; path = BasicImgLblTVCell.swift; sourceTree = "<group>"; };
		B531EB2D1F8FDA0800B94F42 /* BasicImgLblTVCell.xib */ = {isa = PBXFileReference; fileEncoding = 4; lastKnownFileType = file.xib; path = BasicImgLblTVCell.xib; sourceTree = "<group>"; };
		B531EB301F8FDB3700B94F42 /* PlaceViewController.swift */ = {isa = PBXFileReference; fileEncoding = 4; lastKnownFileType = sourcecode.swift; path = PlaceViewController.swift; sourceTree = "<group>"; };
		B531EB321F8FE37B00B94F42 /* CustomDescriptionPlaceCell.swift */ = {isa = PBXFileReference; fileEncoding = 4; lastKnownFileType = sourcecode.swift; path = CustomDescriptionPlaceCell.swift; sourceTree = "<group>"; };
		B531EB331F8FE37B00B94F42 /* CustomDescriptionPlaceCell.xib */ = {isa = PBXFileReference; fileEncoding = 4; lastKnownFileType = file.xib; path = CustomDescriptionPlaceCell.xib; sourceTree = "<group>"; };
		B537B1C41F95F1CB00F5F5F9 /* NetworkingService.swift */ = {isa = PBXFileReference; fileEncoding = 4; lastKnownFileType = sourcecode.swift; path = NetworkingService.swift; sourceTree = "<group>"; };
		B537B1C71F96127800F5F5F9 /* Fonts.swift */ = {isa = PBXFileReference; fileEncoding = 4; lastKnownFileType = sourcecode.swift; path = Fonts.swift; sourceTree = "<group>"; };
		B5DBD1F01F94B89B00A02253 /* TransparentCell.swift */ = {isa = PBXFileReference; fileEncoding = 4; lastKnownFileType = sourcecode.swift; path = TransparentCell.swift; sourceTree = "<group>"; };
		B5DBD1F11F94B89B00A02253 /* TransparentCell.xib */ = {isa = PBXFileReference; fileEncoding = 4; lastKnownFileType = file.xib; path = TransparentCell.xib; sourceTree = "<group>"; };
		B5DBD1FD1F94FBD400A02253 /* Realm.framework */ = {isa = PBXFileReference; lastKnownFileType = wrapper.framework; path = Realm.framework; sourceTree = "<group>"; };
		B5DBD1FE1F94FBD400A02253 /* RealmSwift.framework */ = {isa = PBXFileReference; lastKnownFileType = wrapper.framework; path = RealmSwift.framework; sourceTree = "<group>"; };
		B5DBD2041F94FF8200A02253 /* PlaceModelDB.swift */ = {isa = PBXFileReference; fileEncoding = 4; lastKnownFileType = sourcecode.swift; path = PlaceModelDB.swift; sourceTree = "<group>"; };
		B5DBD20A1F950B2B00A02253 /* PlacesCaregories.swift */ = {isa = PBXFileReference; fileEncoding = 4; lastKnownFileType = sourcecode.swift; path = PlacesCaregories.swift; sourceTree = "<group>"; };
		B5DBD20C1F9527C100A02253 /* AllPlacesListViewController.swift */ = {isa = PBXFileReference; fileEncoding = 4; lastKnownFileType = sourcecode.swift; path = AllPlacesListViewController.swift; sourceTree = "<group>"; };
		B5DBD20E1F95280A00A02253 /* AllPlacesScreenCell.swift */ = {isa = PBXFileReference; fileEncoding = 4; lastKnownFileType = sourcecode.swift; path = AllPlacesScreenCell.swift; sourceTree = "<group>"; };
		B5DBD20F1F95280A00A02253 /* AllPlacesScreenCell.xib */ = {isa = PBXFileReference; fileEncoding = 4; lastKnownFileType = file.xib; path = AllPlacesScreenCell.xib; sourceTree = "<group>"; };
		B5E576911F954C220081DFFE /* NetReachabulity.swift */ = {isa = PBXFileReference; fileEncoding = 4; lastKnownFileType = sourcecode.swift; name = NetReachabulity.swift; path = AmberCardKhoroshko/NetReachabulity.swift; sourceTree = "<group>"; };
		B5F0B8C31F901CA900C38B78 /* Place.swift */ = {isa = PBXFileReference; fileEncoding = 4; lastKnownFileType = sourcecode.swift; path = Place.swift; sourceTree = "<group>"; };
		C8C281DA73D5C127AED5554D /* Pods-AmberCardKhoroshko.release.xcconfig */ = {isa = PBXFileReference; includeInIndex = 1; lastKnownFileType = text.xcconfig; name = "Pods-AmberCardKhoroshko.release.xcconfig"; path = "Pods/Target Support Files/Pods-AmberCardKhoroshko/Pods-AmberCardKhoroshko.release.xcconfig"; sourceTree = "<group>"; };
		F83E2500AFA626EB0B4FD289 /* Pods_AmberCardKhoroshko.framework */ = {isa = PBXFileReference; explicitFileType = wrapper.framework; includeInIndex = 0; path = Pods_AmberCardKhoroshko.framework; sourceTree = BUILT_PRODUCTS_DIR; };
/* End PBXFileReference section */

/* Begin PBXFrameworksBuildPhase section */
		B531EAF51F8FD92800B94F42 /* Frameworks */ = {
			isa = PBXFrameworksBuildPhase;
			buildActionMask = 2147483647;
			files = (
				B5DBD1FF1F94FBD400A02253 /* Realm.framework in Frameworks */,
				9EFF63F2B481958B5DE88D9E /* Pods_AmberCardKhoroshko.framework in Frameworks */,
				B5DBD2011F94FBD400A02253 /* RealmSwift.framework in Frameworks */,
			);
			runOnlyForDeploymentPostprocessing = 0;
		};
		B531EB0C1F8FD92800B94F42 /* Frameworks */ = {
			isa = PBXFrameworksBuildPhase;
			buildActionMask = 2147483647;
			files = (
			);
			runOnlyForDeploymentPostprocessing = 0;
		};
		B531EB171F8FD92800B94F42 /* Frameworks */ = {
			isa = PBXFrameworksBuildPhase;
			buildActionMask = 2147483647;
			files = (
			);
			runOnlyForDeploymentPostprocessing = 0;
		};
/* End PBXFrameworksBuildPhase section */

/* Begin PBXGroup section */
		29AE94465BB81B7D9B5A20F4 /* Frameworks */ = {
			isa = PBXGroup;
			children = (
				F83E2500AFA626EB0B4FD289 /* Pods_AmberCardKhoroshko.framework */,
			);
			name = Frameworks;
			sourceTree = "<group>";
		};
		5AFDB9F6448498E54F9988FA /* Pods */ = {
			isa = PBXGroup;
			children = (
				B11937C76CECD42850E90434 /* Pods-AmberCardKhoroshko.debug.xcconfig */,
				C8C281DA73D5C127AED5554D /* Pods-AmberCardKhoroshko.release.xcconfig */,
			);
			name = Pods;
			sourceTree = "<group>";
		};
		B507D5A91F96165100FD64C4 /* Helpers */ = {
			isa = PBXGroup;
			children = (
				B507D5AA1F96168E00FD64C4 /* UIColor+ACAdditions.swift */,
				B507D5A71F96164100FD64C4 /* UIFont+ACAdditions.swift */,
			);
			name = Helpers;
			sourceTree = "<group>";
		};
		B531EAEF1F8FD92800B94F42 = {
			isa = PBXGroup;
			children = (
				B5DBD1FD1F94FBD400A02253 /* Realm.framework */,
				B5DBD1FE1F94FBD400A02253 /* RealmSwift.framework */,
				B531EAFA1F8FD92800B94F42 /* AmberCardKhoroshko */,
				B531EB121F8FD92800B94F42 /* AmberCardKhoroshkoTests */,
				B531EB1D1F8FD92800B94F42 /* AmberCardKhoroshkoUITests */,
				B531EAF91F8FD92800B94F42 /* Products */,
				5AFDB9F6448498E54F9988FA /* Pods */,
				29AE94465BB81B7D9B5A20F4 /* Frameworks */,
			);
			sourceTree = "<group>";
		};
		B531EAF91F8FD92800B94F42 /* Products */ = {
			isa = PBXGroup;
			children = (
				B531EAF81F8FD92800B94F42 /* AmberCardKhoroshko.app */,
				B531EB0F1F8FD92800B94F42 /* AmberCardKhoroshkoTests.xctest */,
				B531EB1A1F8FD92800B94F42 /* AmberCardKhoroshkoUITests.xctest */,
			);
			name = Products;
			sourceTree = "<group>";
		};
		B531EAFA1F8FD92800B94F42 /* AmberCardKhoroshko */ = {
			isa = PBXGroup;
			children = (
				B507D5A91F96165100FD64C4 /* Helpers */,
				B5E576931F954C390081DFFE /* Net Layer */,
				B537B1C61F96114300F5F5F9 /* RealmModels */,
				B5DBD2121F95281F00A02253 /* All Places Screen */,
				B5DBD1ED1F90E1A200A02253 /* Place */,
				B5DBD1EF1F90E1D400A02253 /* Delegate */,
				B5DBD1EE1F90E1C800A02253 /* UI */,
				B531EB0A1F8FD92800B94F42 /* Info.plist */,
				B531EB021F8FD92800B94F42 /* AmberCardKhoroshko.xcdatamodeld */,
				B537B1C71F96127800F5F5F9 /* Fonts.swift */,
			);
			path = AmberCardKhoroshko;
			sourceTree = "<group>";
		};
		B531EB121F8FD92800B94F42 /* AmberCardKhoroshkoTests */ = {
			isa = PBXGroup;
			children = (
				B531EB131F8FD92800B94F42 /* AmberCardKhoroshkoTests.swift */,
				B531EB151F8FD92800B94F42 /* Info.plist */,
			);
			path = AmberCardKhoroshkoTests;
			sourceTree = "<group>";
		};
		B531EB1D1F8FD92800B94F42 /* AmberCardKhoroshkoUITests */ = {
			isa = PBXGroup;
			children = (
				B531EB1E1F8FD92800B94F42 /* AmberCardKhoroshkoUITests.swift */,
				B531EB201F8FD92800B94F42 /* Info.plist */,
			);
			path = AmberCardKhoroshkoUITests;
			sourceTree = "<group>";
		};
		B537B1C61F96114300F5F5F9 /* RealmModels */ = {
			isa = PBXGroup;
			children = (
				B5DBD20A1F950B2B00A02253 /* PlacesCaregories.swift */,
				B5DBD2041F94FF8200A02253 /* PlaceModelDB.swift */,
				B507D5AC1F96424C00FD64C4 /* PlacePhotos.swift */,
			);
			name = RealmModels;
			path = ..;
			sourceTree = "<group>";
		};
		B5DBD1EC1F90E18F00A02253 /* PlaceCells */ = {
			isa = PBXGroup;
			children = (
				B531EB321F8FE37B00B94F42 /* CustomDescriptionPlaceCell.swift */,
				B531EB331F8FE37B00B94F42 /* CustomDescriptionPlaceCell.xib */,
				B531EB2C1F8FDA0800B94F42 /* BasicImgLblTVCell.swift */,
				B531EB2D1F8FDA0800B94F42 /* BasicImgLblTVCell.xib */,
				B5DBD1F01F94B89B00A02253 /* TransparentCell.swift */,
				B5DBD1F11F94B89B00A02253 /* TransparentCell.xib */,
			);
			name = PlaceCells;
			sourceTree = "<group>";
		};
		B5DBD1ED1F90E1A200A02253 /* Place */ = {
			isa = PBXGroup;
			children = (
				B531EB301F8FDB3700B94F42 /* PlaceViewController.swift */,
				B5F0B8C31F901CA900C38B78 /* Place.swift */,
				B5DBD1EC1F90E18F00A02253 /* PlaceCells */,
			);
			name = Place;
			path = ..;
			sourceTree = "<group>";
		};
		B5DBD1EE1F90E1C800A02253 /* UI */ = {
			isa = PBXGroup;
			children = (
				B531EAFF1F8FD92800B94F42 /* Main.storyboard */,
				B531EB051F8FD92800B94F42 /* Assets.xcassets */,
				B531EB071F8FD92800B94F42 /* LaunchScreen.storyboard */,
			);
			name = UI;
			sourceTree = "<group>";
		};
		B5DBD1EF1F90E1D400A02253 /* Delegate */ = {
			isa = PBXGroup;
			children = (
				B531EAFB1F8FD92800B94F42 /* AppDelegate.swift */,
			);
			name = Delegate;
			sourceTree = "<group>";
		};
		B5DBD2121F95281F00A02253 /* All Places Screen */ = {
			isa = PBXGroup;
			children = (
				B5DBD20C1F9527C100A02253 /* AllPlacesListViewController.swift */,
				B5DBD20E1F95280A00A02253 /* AllPlacesScreenCell.swift */,
				B5DBD20F1F95280A00A02253 /* AllPlacesScreenCell.xib */,
			);
			name = "All Places Screen";
			sourceTree = "<group>";
		};
		B5E576931F954C390081DFFE /* Net Layer */ = {
			isa = PBXGroup;
			children = (
				B5E576911F954C220081DFFE /* NetReachabulity.swift */,
				B537B1C41F95F1CB00F5F5F9 /* NetworkingService.swift */,
			);
			name = "Net Layer";
			path = ..;
			sourceTree = "<group>";
		};
/* End PBXGroup section */

/* Begin PBXNativeTarget section */
		B531EAF71F8FD92800B94F42 /* AmberCardKhoroshko */ = {
			isa = PBXNativeTarget;
			buildConfigurationList = B531EB231F8FD92800B94F42 /* Build configuration list for PBXNativeTarget "AmberCardKhoroshko" */;
			buildPhases = (
				E840B2B6A93F96EF01BAAC13 /* [CP] Check Pods Manifest.lock */,
				B531EAF41F8FD92800B94F42 /* Sources */,
				B531EAF51F8FD92800B94F42 /* Frameworks */,
				B531EAF61F8FD92800B94F42 /* Resources */,
				BD8A357836773D84410D4B60 /* [CP] Embed Pods Frameworks */,
				68DAE6F2CABB21043E7A2F81 /* [CP] Copy Pods Resources */,
				B5DBD2031F94FBD400A02253 /* Embed Frameworks */,
			);
			buildRules = (
			);
			dependencies = (
			);
			name = AmberCardKhoroshko;
			productName = AmberCardKhoroshko;
			productReference = B531EAF81F8FD92800B94F42 /* AmberCardKhoroshko.app */;
			productType = "com.apple.product-type.application";
		};
		B531EB0E1F8FD92800B94F42 /* AmberCardKhoroshkoTests */ = {
			isa = PBXNativeTarget;
			buildConfigurationList = B531EB261F8FD92800B94F42 /* Build configuration list for PBXNativeTarget "AmberCardKhoroshkoTests" */;
			buildPhases = (
				B531EB0B1F8FD92800B94F42 /* Sources */,
				B531EB0C1F8FD92800B94F42 /* Frameworks */,
				B531EB0D1F8FD92800B94F42 /* Resources */,
			);
			buildRules = (
			);
			dependencies = (
				B531EB111F8FD92800B94F42 /* PBXTargetDependency */,
			);
			name = AmberCardKhoroshkoTests;
			productName = AmberCardKhoroshkoTests;
			productReference = B531EB0F1F8FD92800B94F42 /* AmberCardKhoroshkoTests.xctest */;
			productType = "com.apple.product-type.bundle.unit-test";
		};
		B531EB191F8FD92800B94F42 /* AmberCardKhoroshkoUITests */ = {
			isa = PBXNativeTarget;
			buildConfigurationList = B531EB291F8FD92800B94F42 /* Build configuration list for PBXNativeTarget "AmberCardKhoroshkoUITests" */;
			buildPhases = (
				B531EB161F8FD92800B94F42 /* Sources */,
				B531EB171F8FD92800B94F42 /* Frameworks */,
				B531EB181F8FD92800B94F42 /* Resources */,
			);
			buildRules = (
			);
			dependencies = (
				B531EB1C1F8FD92800B94F42 /* PBXTargetDependency */,
			);
			name = AmberCardKhoroshkoUITests;
			productName = AmberCardKhoroshkoUITests;
			productReference = B531EB1A1F8FD92800B94F42 /* AmberCardKhoroshkoUITests.xctest */;
			productType = "com.apple.product-type.bundle.ui-testing";
		};
/* End PBXNativeTarget section */

/* Begin PBXProject section */
		B531EAF01F8FD92800B94F42 /* Project object */ = {
			isa = PBXProject;
			attributes = {
				LastSwiftUpdateCheck = 0830;
				LastUpgradeCheck = 0830;
				ORGANIZATIONNAME = "Emma Khoroshko";
				TargetAttributes = {
					B531EAF71F8FD92800B94F42 = {
						CreatedOnToolsVersion = 8.3.3;
						DevelopmentTeam = 57UR83VR6Y;
						ProvisioningStyle = Automatic;
					};
					B531EB0E1F8FD92800B94F42 = {
						CreatedOnToolsVersion = 8.3.3;
						DevelopmentTeam = 57UR83VR6Y;
						ProvisioningStyle = Automatic;
						TestTargetID = B531EAF71F8FD92800B94F42;
					};
					B531EB191F8FD92800B94F42 = {
						CreatedOnToolsVersion = 8.3.3;
						DevelopmentTeam = 57UR83VR6Y;
						ProvisioningStyle = Automatic;
						TestTargetID = B531EAF71F8FD92800B94F42;
					};
				};
			};
			buildConfigurationList = B531EAF31F8FD92800B94F42 /* Build configuration list for PBXProject "AmberCardKhoroshko" */;
			compatibilityVersion = "Xcode 3.2";
			developmentRegion = English;
			hasScannedForEncodings = 0;
			knownRegions = (
				en,
				Base,
			);
			mainGroup = B531EAEF1F8FD92800B94F42;
			productRefGroup = B531EAF91F8FD92800B94F42 /* Products */;
			projectDirPath = "";
			projectRoot = "";
			targets = (
				B531EAF71F8FD92800B94F42 /* AmberCardKhoroshko */,
				B531EB0E1F8FD92800B94F42 /* AmberCardKhoroshkoTests */,
				B531EB191F8FD92800B94F42 /* AmberCardKhoroshkoUITests */,
			);
		};
/* End PBXProject section */

/* Begin PBXResourcesBuildPhase section */
		B531EAF61F8FD92800B94F42 /* Resources */ = {
			isa = PBXResourcesBuildPhase;
			buildActionMask = 2147483647;
			files = (
				B531EB091F8FD92800B94F42 /* LaunchScreen.storyboard in Resources */,
				B531EB2F1F8FDA0800B94F42 /* BasicImgLblTVCell.xib in Resources */,
				B531EB061F8FD92800B94F42 /* Assets.xcassets in Resources */,
				B531EB011F8FD92800B94F42 /* Main.storyboard in Resources */,
				B5DBD2111F95280A00A02253 /* AllPlacesScreenCell.xib in Resources */,
				B5DBD1F31F94B89B00A02253 /* TransparentCell.xib in Resources */,
				B531EB351F8FE37B00B94F42 /* CustomDescriptionPlaceCell.xib in Resources */,
			);
			runOnlyForDeploymentPostprocessing = 0;
		};
		B531EB0D1F8FD92800B94F42 /* Resources */ = {
			isa = PBXResourcesBuildPhase;
			buildActionMask = 2147483647;
			files = (
			);
			runOnlyForDeploymentPostprocessing = 0;
		};
		B531EB181F8FD92800B94F42 /* Resources */ = {
			isa = PBXResourcesBuildPhase;
			buildActionMask = 2147483647;
			files = (
			);
			runOnlyForDeploymentPostprocessing = 0;
		};
/* End PBXResourcesBuildPhase section */

/* Begin PBXShellScriptBuildPhase section */
		68DAE6F2CABB21043E7A2F81 /* [CP] Copy Pods Resources */ = {
			isa = PBXShellScriptBuildPhase;
			buildActionMask = 2147483647;
			files = (
			);
			inputPaths = (
			);
			name = "[CP] Copy Pods Resources";
			outputPaths = (
			);
			runOnlyForDeploymentPostprocessing = 0;
			shellPath = /bin/sh;
			shellScript = "\"${SRCROOT}/Pods/Target Support Files/Pods-AmberCardKhoroshko/Pods-AmberCardKhoroshko-resources.sh\"\n";
			showEnvVarsInLog = 0;
		};
		BD8A357836773D84410D4B60 /* [CP] Embed Pods Frameworks */ = {
			isa = PBXShellScriptBuildPhase;
			buildActionMask = 2147483647;
			files = (
			);
			inputPaths = (
			);
			name = "[CP] Embed Pods Frameworks";
			outputPaths = (
			);
			runOnlyForDeploymentPostprocessing = 0;
			shellPath = /bin/sh;
			shellScript = "\"${SRCROOT}/Pods/Target Support Files/Pods-AmberCardKhoroshko/Pods-AmberCardKhoroshko-frameworks.sh\"\n";
			showEnvVarsInLog = 0;
		};
		E840B2B6A93F96EF01BAAC13 /* [CP] Check Pods Manifest.lock */ = {
			isa = PBXShellScriptBuildPhase;
			buildActionMask = 2147483647;
			files = (
			);
			inputPaths = (
			);
			name = "[CP] Check Pods Manifest.lock";
			outputPaths = (
			);
			runOnlyForDeploymentPostprocessing = 0;
			shellPath = /bin/sh;
			shellScript = "diff \"${PODS_PODFILE_DIR_PATH}/Podfile.lock\" \"${PODS_ROOT}/Manifest.lock\" > /dev/null\nif [ $? != 0 ] ; then\n    # print error to STDERR\n    echo \"error: The sandbox is not in sync with the Podfile.lock. Run 'pod install' or update your CocoaPods installation.\" >&2\n    exit 1\nfi\n";
			showEnvVarsInLog = 0;
		};
/* End PBXShellScriptBuildPhase section */

/* Begin PBXSourcesBuildPhase section */
		B531EAF41F8FD92800B94F42 /* Sources */ = {
			isa = PBXSourcesBuildPhase;
			buildActionMask = 2147483647;
			files = (
				B537B1C81F96127800F5F5F9 /* Fonts.swift in Sources */,
				B5DBD20D1F9527C100A02253 /* AllPlacesListViewController.swift in Sources */,
				B531EB311F8FDB3700B94F42 /* PlaceViewController.swift in Sources */,
				B537B1C51F95F1CB00F5F5F9 /* NetworkingService.swift in Sources */,
				B5DBD1F21F94B89B00A02253 /* TransparentCell.swift in Sources */,
				B5E576921F954C220081DFFE /* NetReachabulity.swift in Sources */,
				B531EB2E1F8FDA0800B94F42 /* BasicImgLblTVCell.swift in Sources */,
				B5DBD20B1F950B2B00A02253 /* PlacesCaregories.swift in Sources */,
				B531EAFC1F8FD92800B94F42 /* AppDelegate.swift in Sources */,
				B5DBD2101F95280A00A02253 /* AllPlacesScreenCell.swift in Sources */,
				B507D5A81F96164100FD64C4 /* UIFont+ACAdditions.swift in Sources */,
				B5F0B8C41F901CA900C38B78 /* Place.swift in Sources */,
				B5DBD2051F94FF8200A02253 /* PlaceModelDB.swift in Sources */,
				B531EB041F8FD92800B94F42 /* AmberCardKhoroshko.xcdatamodeld in Sources */,
				B531EB341F8FE37B00B94F42 /* CustomDescriptionPlaceCell.swift in Sources */,
				B507D5AD1F96424C00FD64C4 /* PlacePhotos.swift in Sources */,
				B507D5AB1F96168E00FD64C4 /* UIColor+ACAdditions.swift in Sources */,
			);
			runOnlyForDeploymentPostprocessing = 0;
		};
		B531EB0B1F8FD92800B94F42 /* Sources */ = {
			isa = PBXSourcesBuildPhase;
			buildActionMask = 2147483647;
			files = (
				B531EB141F8FD92800B94F42 /* AmberCardKhoroshkoTests.swift in Sources */,
			);
			runOnlyForDeploymentPostprocessing = 0;
		};
		B531EB161F8FD92800B94F42 /* Sources */ = {
			isa = PBXSourcesBuildPhase;
			buildActionMask = 2147483647;
			files = (
				B531EB1F1F8FD92800B94F42 /* AmberCardKhoroshkoUITests.swift in Sources */,
			);
			runOnlyForDeploymentPostprocessing = 0;
		};
/* End PBXSourcesBuildPhase section */

/* Begin PBXTargetDependency section */
		B531EB111F8FD92800B94F42 /* PBXTargetDependency */ = {
			isa = PBXTargetDependency;
			target = B531EAF71F8FD92800B94F42 /* AmberCardKhoroshko */;
			targetProxy = B531EB101F8FD92800B94F42 /* PBXContainerItemProxy */;
		};
		B531EB1C1F8FD92800B94F42 /* PBXTargetDependency */ = {
			isa = PBXTargetDependency;
			target = B531EAF71F8FD92800B94F42 /* AmberCardKhoroshko */;
			targetProxy = B531EB1B1F8FD92800B94F42 /* PBXContainerItemProxy */;
		};
/* End PBXTargetDependency section */

/* Begin PBXVariantGroup section */
		B531EAFF1F8FD92800B94F42 /* Main.storyboard */ = {
			isa = PBXVariantGroup;
			children = (
				B531EB001F8FD92800B94F42 /* Base */,
			);
			name = Main.storyboard;
			sourceTree = "<group>";
		};
		B531EB071F8FD92800B94F42 /* LaunchScreen.storyboard */ = {
			isa = PBXVariantGroup;
			children = (
				B531EB081F8FD92800B94F42 /* Base */,
			);
			name = LaunchScreen.storyboard;
			sourceTree = "<group>";
		};
/* End PBXVariantGroup section */

/* Begin XCBuildConfiguration section */
		B531EB211F8FD92800B94F42 /* Debug */ = {
			isa = XCBuildConfiguration;
			buildSettings = {
				ALWAYS_SEARCH_USER_PATHS = NO;
				CLANG_ANALYZER_NONNULL = YES;
				CLANG_ANALYZER_NUMBER_OBJECT_CONVERSION = YES_AGGRESSIVE;
				CLANG_CXX_LANGUAGE_STANDARD = "gnu++0x";
				CLANG_CXX_LIBRARY = "libc++";
				CLANG_ENABLE_MODULES = YES;
				CLANG_ENABLE_OBJC_ARC = YES;
				CLANG_WARN_BOOL_CONVERSION = YES;
				CLANG_WARN_CONSTANT_CONVERSION = YES;
				CLANG_WARN_DIRECT_OBJC_ISA_USAGE = YES_ERROR;
				CLANG_WARN_DOCUMENTATION_COMMENTS = YES;
				CLANG_WARN_EMPTY_BODY = YES;
				CLANG_WARN_ENUM_CONVERSION = YES;
				CLANG_WARN_INFINITE_RECURSION = YES;
				CLANG_WARN_INT_CONVERSION = YES;
				CLANG_WARN_OBJC_ROOT_CLASS = YES_ERROR;
				CLANG_WARN_SUSPICIOUS_MOVE = YES;
				CLANG_WARN_UNREACHABLE_CODE = YES;
				CLANG_WARN__DUPLICATE_METHOD_MATCH = YES;
				"CODE_SIGN_IDENTITY[sdk=iphoneos*]" = "iPhone Developer";
				COPY_PHASE_STRIP = NO;
				DEBUG_INFORMATION_FORMAT = dwarf;
				ENABLE_STRICT_OBJC_MSGSEND = YES;
				ENABLE_TESTABILITY = YES;
				GCC_C_LANGUAGE_STANDARD = gnu99;
				GCC_DYNAMIC_NO_PIC = NO;
				GCC_NO_COMMON_BLOCKS = YES;
				GCC_OPTIMIZATION_LEVEL = 0;
				GCC_PREPROCESSOR_DEFINITIONS = (
					"DEBUG=1",
					"$(inherited)",
				);
				GCC_WARN_64_TO_32_BIT_CONVERSION = YES;
				GCC_WARN_ABOUT_RETURN_TYPE = YES_ERROR;
				GCC_WARN_UNDECLARED_SELECTOR = YES;
				GCC_WARN_UNINITIALIZED_AUTOS = YES_AGGRESSIVE;
				GCC_WARN_UNUSED_FUNCTION = YES;
				GCC_WARN_UNUSED_VARIABLE = YES;
				IPHONEOS_DEPLOYMENT_TARGET = 10.3;
				MTL_ENABLE_DEBUG_INFO = YES;
				ONLY_ACTIVE_ARCH = YES;
				SDKROOT = iphoneos;
				SWIFT_ACTIVE_COMPILATION_CONDITIONS = DEBUG;
				SWIFT_OPTIMIZATION_LEVEL = "-Onone";
			};
			name = Debug;
		};
		B531EB221F8FD92800B94F42 /* Release */ = {
			isa = XCBuildConfiguration;
			buildSettings = {
				ALWAYS_SEARCH_USER_PATHS = NO;
				CLANG_ANALYZER_NONNULL = YES;
				CLANG_ANALYZER_NUMBER_OBJECT_CONVERSION = YES_AGGRESSIVE;
				CLANG_CXX_LANGUAGE_STANDARD = "gnu++0x";
				CLANG_CXX_LIBRARY = "libc++";
				CLANG_ENABLE_MODULES = YES;
				CLANG_ENABLE_OBJC_ARC = YES;
				CLANG_WARN_BOOL_CONVERSION = YES;
				CLANG_WARN_CONSTANT_CONVERSION = YES;
				CLANG_WARN_DIRECT_OBJC_ISA_USAGE = YES_ERROR;
				CLANG_WARN_DOCUMENTATION_COMMENTS = YES;
				CLANG_WARN_EMPTY_BODY = YES;
				CLANG_WARN_ENUM_CONVERSION = YES;
				CLANG_WARN_INFINITE_RECURSION = YES;
				CLANG_WARN_INT_CONVERSION = YES;
				CLANG_WARN_OBJC_ROOT_CLASS = YES_ERROR;
				CLANG_WARN_SUSPICIOUS_MOVE = YES;
				CLANG_WARN_UNREACHABLE_CODE = YES;
				CLANG_WARN__DUPLICATE_METHOD_MATCH = YES;
				"CODE_SIGN_IDENTITY[sdk=iphoneos*]" = "iPhone Developer";
				COPY_PHASE_STRIP = NO;
				DEBUG_INFORMATION_FORMAT = "dwarf-with-dsym";
				ENABLE_NS_ASSERTIONS = NO;
				ENABLE_STRICT_OBJC_MSGSEND = YES;
				GCC_C_LANGUAGE_STANDARD = gnu99;
				GCC_NO_COMMON_BLOCKS = YES;
				GCC_WARN_64_TO_32_BIT_CONVERSION = YES;
				GCC_WARN_ABOUT_RETURN_TYPE = YES_ERROR;
				GCC_WARN_UNDECLARED_SELECTOR = YES;
				GCC_WARN_UNINITIALIZED_AUTOS = YES_AGGRESSIVE;
				GCC_WARN_UNUSED_FUNCTION = YES;
				GCC_WARN_UNUSED_VARIABLE = YES;
				IPHONEOS_DEPLOYMENT_TARGET = 10.3;
				MTL_ENABLE_DEBUG_INFO = NO;
				SDKROOT = iphoneos;
				SWIFT_OPTIMIZATION_LEVEL = "-Owholemodule";
				VALIDATE_PRODUCT = YES;
			};
			name = Release;
		};
		B531EB241F8FD92800B94F42 /* Debug */ = {
			isa = XCBuildConfiguration;
			baseConfigurationReference = B11937C76CECD42850E90434 /* Pods-AmberCardKhoroshko.debug.xcconfig */;
			buildSettings = {
				ASSETCATALOG_COMPILER_APPICON_NAME = AppIcon;
				DEVELOPMENT_TEAM = 57UR83VR6Y;
				FRAMEWORK_SEARCH_PATHS = (
					"$(inherited)",
					"$(PROJECT_DIR)",
				);
				INFOPLIST_FILE = AmberCardKhoroshko/Info.plist;
				LD_RUNPATH_SEARCH_PATHS = "$(inherited) @executable_path/Frameworks";
				PRODUCT_BUNDLE_IDENTIFIER = Khoroshko.AmberCardKhoroshko;
				PRODUCT_NAME = "$(TARGET_NAME)";
				SWIFT_VERSION = 3.0;
			};
			name = Debug;
		};
		B531EB251F8FD92800B94F42 /* Release */ = {
			isa = XCBuildConfiguration;
			baseConfigurationReference = C8C281DA73D5C127AED5554D /* Pods-AmberCardKhoroshko.release.xcconfig */;
			buildSettings = {
				ASSETCATALOG_COMPILER_APPICON_NAME = AppIcon;
				DEVELOPMENT_TEAM = 57UR83VR6Y;
				FRAMEWORK_SEARCH_PATHS = (
					"$(inherited)",
					"$(PROJECT_DIR)",
				);
				INFOPLIST_FILE = AmberCardKhoroshko/Info.plist;
				LD_RUNPATH_SEARCH_PATHS = "$(inherited) @executable_path/Frameworks";
				PRODUCT_BUNDLE_IDENTIFIER = Khoroshko.AmberCardKhoroshko;
				PRODUCT_NAME = "$(TARGET_NAME)";
				SWIFT_VERSION = 3.0;
			};
			name = Release;
		};
		B531EB271F8FD92800B94F42 /* Debug */ = {
			isa = XCBuildConfiguration;
			buildSettings = {
				ALWAYS_EMBED_SWIFT_STANDARD_LIBRARIES = YES;
				BUNDLE_LOADER = "$(TEST_HOST)";
				DEVELOPMENT_TEAM = 57UR83VR6Y;
				INFOPLIST_FILE = AmberCardKhoroshkoTests/Info.plist;
				LD_RUNPATH_SEARCH_PATHS = "$(inherited) @executable_path/Frameworks @loader_path/Frameworks";
				PRODUCT_BUNDLE_IDENTIFIER = Khoroshko.AmberCardKhoroshkoTests;
				PRODUCT_NAME = "$(TARGET_NAME)";
				SWIFT_VERSION = 3.0;
				TEST_HOST = "$(BUILT_PRODUCTS_DIR)/AmberCardKhoroshko.app/AmberCardKhoroshko";
			};
			name = Debug;
		};
		B531EB281F8FD92800B94F42 /* Release */ = {
			isa = XCBuildConfiguration;
			buildSettings = {
				ALWAYS_EMBED_SWIFT_STANDARD_LIBRARIES = YES;
				BUNDLE_LOADER = "$(TEST_HOST)";
				DEVELOPMENT_TEAM = 57UR83VR6Y;
				INFOPLIST_FILE = AmberCardKhoroshkoTests/Info.plist;
				LD_RUNPATH_SEARCH_PATHS = "$(inherited) @executable_path/Frameworks @loader_path/Frameworks";
				PRODUCT_BUNDLE_IDENTIFIER = Khoroshko.AmberCardKhoroshkoTests;
				PRODUCT_NAME = "$(TARGET_NAME)";
				SWIFT_VERSION = 3.0;
				TEST_HOST = "$(BUILT_PRODUCTS_DIR)/AmberCardKhoroshko.app/AmberCardKhoroshko";
			};
			name = Release;
		};
		B531EB2A1F8FD92800B94F42 /* Debug */ = {
			isa = XCBuildConfiguration;
			buildSettings = {
				ALWAYS_EMBED_SWIFT_STANDARD_LIBRARIES = YES;
				DEVELOPMENT_TEAM = 57UR83VR6Y;
				INFOPLIST_FILE = AmberCardKhoroshkoUITests/Info.plist;
				LD_RUNPATH_SEARCH_PATHS = "$(inherited) @executable_path/Frameworks @loader_path/Frameworks";
				PRODUCT_BUNDLE_IDENTIFIER = Khoroshko.AmberCardKhoroshkoUITests;
				PRODUCT_NAME = "$(TARGET_NAME)";
				SWIFT_VERSION = 3.0;
				TEST_TARGET_NAME = AmberCardKhoroshko;
			};
			name = Debug;
		};
		B531EB2B1F8FD92800B94F42 /* Release */ = {
			isa = XCBuildConfiguration;
			buildSettings = {
				ALWAYS_EMBED_SWIFT_STANDARD_LIBRARIES = YES;
				DEVELOPMENT_TEAM = 57UR83VR6Y;
				INFOPLIST_FILE = AmberCardKhoroshkoUITests/Info.plist;
				LD_RUNPATH_SEARCH_PATHS = "$(inherited) @executable_path/Frameworks @loader_path/Frameworks";
				PRODUCT_BUNDLE_IDENTIFIER = Khoroshko.AmberCardKhoroshkoUITests;
				PRODUCT_NAME = "$(TARGET_NAME)";
				SWIFT_VERSION = 3.0;
				TEST_TARGET_NAME = AmberCardKhoroshko;
			};
			name = Release;
		};
/* End XCBuildConfiguration section */

/* Begin XCConfigurationList section */
		B531EAF31F8FD92800B94F42 /* Build configuration list for PBXProject "AmberCardKhoroshko" */ = {
			isa = XCConfigurationList;
			buildConfigurations = (
				B531EB211F8FD92800B94F42 /* Debug */,
				B531EB221F8FD92800B94F42 /* Release */,
			);
			defaultConfigurationIsVisible = 0;
			defaultConfigurationName = Release;
		};
		B531EB231F8FD92800B94F42 /* Build configuration list for PBXNativeTarget "AmberCardKhoroshko" */ = {
			isa = XCConfigurationList;
			buildConfigurations = (
				B531EB241F8FD92800B94F42 /* Debug */,
				B531EB251F8FD92800B94F42 /* Release */,
			);
			defaultConfigurationIsVisible = 0;
			defaultConfigurationName = Release;
		};
		B531EB261F8FD92800B94F42 /* Build configuration list for PBXNativeTarget "AmberCardKhoroshkoTests" */ = {
			isa = XCConfigurationList;
			buildConfigurations = (
				B531EB271F8FD92800B94F42 /* Debug */,
				B531EB281F8FD92800B94F42 /* Release */,
			);
			defaultConfigurationIsVisible = 0;
			defaultConfigurationName = Release;
		};
		B531EB291F8FD92800B94F42 /* Build configuration list for PBXNativeTarget "AmberCardKhoroshkoUITests" */ = {
			isa = XCConfigurationList;
			buildConfigurations = (
				B531EB2A1F8FD92800B94F42 /* Debug */,
				B531EB2B1F8FD92800B94F42 /* Release */,
			);
			defaultConfigurationIsVisible = 0;
			defaultConfigurationName = Release;
		};
/* End XCConfigurationList section */

/* Begin XCVersionGroup section */
		B531EB021F8FD92800B94F42 /* AmberCardKhoroshko.xcdatamodeld */ = {
			isa = XCVersionGroup;
			children = (
				B531EB031F8FD92800B94F42 /* AmberCardKhoroshko.xcdatamodel */,
			);
			currentVersion = B531EB031F8FD92800B94F42 /* AmberCardKhoroshko.xcdatamodel */;
			path = AmberCardKhoroshko.xcdatamodeld;
			sourceTree = "<group>";
			versionGroupType = wrapper.xcdatamodel;
		};
/* End XCVersionGroup section */
	};
	rootObject = B531EAF01F8FD92800B94F42 /* Project object */;
}
